// !$*UTF8*$!
{
	archiveVersion = 1;
	classes = {
	};
	objectVersion = 51;
	objects = {

/* Begin PBXBuildFile section */
		2A3EC8A8B975A405D90E8626 /* Pods_MovieBrowserTests.framework in Frameworks */ = {isa = PBXBuildFile; fileRef = 1CD6BA6194E78794EB22EAD4 /* Pods_MovieBrowserTests.framework */; };
		5BB28F6687F18B9FB51520F9 /* Pods_MovieBrowser_MovieBrowserUITests.framework in Frameworks */ = {isa = PBXBuildFile; fileRef = 4D850979BB69DC6400E00F43 /* Pods_MovieBrowser_MovieBrowserUITests.framework */; };
		725B13F524A7F35C00B11051 /* MovieDBService.swift in Sources */ = {isa = PBXBuildFile; fileRef = 725B13F424A7F35C00B11051 /* MovieDBService.swift */; };
		725B13F724A8038C00B11051 /* SearchPage.swift in Sources */ = {isa = PBXBuildFile; fileRef = 725B13F624A8038C00B11051 /* SearchPage.swift */; };
		725B13FA24A8052700B11051 /* enums.swift in Sources */ = {isa = PBXBuildFile; fileRef = 725B13F924A8052700B11051 /* enums.swift */; };
		725B13FC24A8053200B11051 /* constants.swift in Sources */ = {isa = PBXBuildFile; fileRef = 725B13FB24A8053200B11051 /* constants.swift */; };
		725B13FE24A8295200B11051 /* Movie.swift in Sources */ = {isa = PBXBuildFile; fileRef = 725B13FD24A8295200B11051 /* Movie.swift */; };
		725B140024A82EB700B11051 /* MoviePage.swift in Sources */ = {isa = PBXBuildFile; fileRef = 725B13FF24A82EB700B11051 /* MoviePage.swift */; };
		72D3EAC024A40D31007F5793 /* AllResults.swift in Sources */ = {isa = PBXBuildFile; fileRef = 72D3EABF24A40D31007F5793 /* AllResults.swift */; };
		72E4F80524A3A572006A4CBC /* SearchResultCell.swift in Sources */ = {isa = PBXBuildFile; fileRef = 72E4F80424A3A572006A4CBC /* SearchResultCell.swift */; };
		E4163E667E6DB98D21CFCB82 /* Pods_MovieBrowser.framework in Frameworks */ = {isa = PBXBuildFile; fileRef = A410C2D6F55102CF0064263E /* Pods_MovieBrowser.framework */; };
		FB825D7824A24CCD007FFCE3 /* AppDelegate.swift in Sources */ = {isa = PBXBuildFile; fileRef = FB825D7724A24CCD007FFCE3 /* AppDelegate.swift */; };
		FB825D7A24A24CCD007FFCE3 /* SceneDelegate.swift in Sources */ = {isa = PBXBuildFile; fileRef = FB825D7924A24CCD007FFCE3 /* SceneDelegate.swift */; };
		FB825D7C24A24CCD007FFCE3 /* ViewController.swift in Sources */ = {isa = PBXBuildFile; fileRef = FB825D7B24A24CCD007FFCE3 /* ViewController.swift */; };
		FB825D7F24A24CCD007FFCE3 /* Main.storyboard in Resources */ = {isa = PBXBuildFile; fileRef = FB825D7D24A24CCD007FFCE3 /* Main.storyboard */; };
		FB825D8124A24CDA007FFCE3 /* Assets.xcassets in Resources */ = {isa = PBXBuildFile; fileRef = FB825D8024A24CDA007FFCE3 /* Assets.xcassets */; };
		FB825D8424A24CDA007FFCE3 /* LaunchScreen.storyboard in Resources */ = {isa = PBXBuildFile; fileRef = FB825D8224A24CDA007FFCE3 /* LaunchScreen.storyboard */; };
		FB825D8F24A24CDA007FFCE3 /* MovieBrowserTests.swift in Sources */ = {isa = PBXBuildFile; fileRef = FB825D8E24A24CDA007FFCE3 /* MovieBrowserTests.swift */; };
		FB825D9A24A24CDA007FFCE3 /* MovieBrowserUITests.swift in Sources */ = {isa = PBXBuildFile; fileRef = FB825D9924A24CDA007FFCE3 /* MovieBrowserUITests.swift */; };
		FB825DAC24A25848007FFCE3 /* SearchResults.swift in Sources */ = {isa = PBXBuildFile; fileRef = FB825DAB24A25848007FFCE3 /* SearchResults.swift */; };
/* End PBXBuildFile section */

/* Begin PBXContainerItemProxy section */
		FB825D8B24A24CDA007FFCE3 /* PBXContainerItemProxy */ = {
			isa = PBXContainerItemProxy;
			containerPortal = FB825D6C24A24CCD007FFCE3 /* Project object */;
			proxyType = 1;
			remoteGlobalIDString = FB825D7324A24CCD007FFCE3;
			remoteInfo = MovieBrowser;
		};
		FB825D9624A24CDA007FFCE3 /* PBXContainerItemProxy */ = {
			isa = PBXContainerItemProxy;
			containerPortal = FB825D6C24A24CCD007FFCE3 /* Project object */;
			proxyType = 1;
			remoteGlobalIDString = FB825D7324A24CCD007FFCE3;
			remoteInfo = MovieBrowser;
		};
/* End PBXContainerItemProxy section */

/* Begin PBXFileReference section */
		1CD6BA6194E78794EB22EAD4 /* Pods_MovieBrowserTests.framework */ = {isa = PBXFileReference; explicitFileType = wrapper.framework; includeInIndex = 0; path = Pods_MovieBrowserTests.framework; sourceTree = BUILT_PRODUCTS_DIR; };
		2A874AA69A51EF5F5E11DF55 /* Pods-MovieBrowser-MovieBrowserUITests.release.xcconfig */ = {isa = PBXFileReference; includeInIndex = 1; lastKnownFileType = text.xcconfig; name = "Pods-MovieBrowser-MovieBrowserUITests.release.xcconfig"; path = "Target Support Files/Pods-MovieBrowser-MovieBrowserUITests/Pods-MovieBrowser-MovieBrowserUITests.release.xcconfig"; sourceTree = "<group>"; };
		4D850979BB69DC6400E00F43 /* Pods_MovieBrowser_MovieBrowserUITests.framework */ = {isa = PBXFileReference; explicitFileType = wrapper.framework; includeInIndex = 0; path = Pods_MovieBrowser_MovieBrowserUITests.framework; sourceTree = BUILT_PRODUCTS_DIR; };
		5A291B7777FF6A0D4B75DD35 /* Pods-MovieBrowser-MovieBrowserUITests.debug.xcconfig */ = {isa = PBXFileReference; includeInIndex = 1; lastKnownFileType = text.xcconfig; name = "Pods-MovieBrowser-MovieBrowserUITests.debug.xcconfig"; path = "Target Support Files/Pods-MovieBrowser-MovieBrowserUITests/Pods-MovieBrowser-MovieBrowserUITests.debug.xcconfig"; sourceTree = "<group>"; };
		71C30DAA37D6FD3F2187755D /* Pods-MovieBrowser.debug.xcconfig */ = {isa = PBXFileReference; includeInIndex = 1; lastKnownFileType = text.xcconfig; name = "Pods-MovieBrowser.debug.xcconfig"; path = "Target Support Files/Pods-MovieBrowser/Pods-MovieBrowser.debug.xcconfig"; sourceTree = "<group>"; };
		725B13F424A7F35C00B11051 /* MovieDBService.swift */ = {isa = PBXFileReference; lastKnownFileType = sourcecode.swift; path = MovieDBService.swift; sourceTree = "<group>"; };
		725B13F624A8038C00B11051 /* SearchPage.swift */ = {isa = PBXFileReference; lastKnownFileType = sourcecode.swift; path = SearchPage.swift; sourceTree = "<group>"; };
		725B13F924A8052700B11051 /* enums.swift */ = {isa = PBXFileReference; lastKnownFileType = sourcecode.swift; path = enums.swift; sourceTree = "<group>"; };
		725B13FB24A8053200B11051 /* constants.swift */ = {isa = PBXFileReference; lastKnownFileType = sourcecode.swift; path = constants.swift; sourceTree = "<group>"; };
		725B13FD24A8295200B11051 /* Movie.swift */ = {isa = PBXFileReference; lastKnownFileType = sourcecode.swift; path = Movie.swift; sourceTree = "<group>"; };
		725B13FF24A82EB700B11051 /* MoviePage.swift */ = {isa = PBXFileReference; lastKnownFileType = sourcecode.swift; path = MoviePage.swift; sourceTree = "<group>"; };
		72D3EABF24A40D31007F5793 /* AllResults.swift */ = {isa = PBXFileReference; lastKnownFileType = sourcecode.swift; path = AllResults.swift; sourceTree = "<group>"; };
		72E4F80424A3A572006A4CBC /* SearchResultCell.swift */ = {isa = PBXFileReference; lastKnownFileType = sourcecode.swift; path = SearchResultCell.swift; sourceTree = "<group>"; };
		7DACB2755D863428ED0D908F /* Pods-MovieBrowser.release.xcconfig */ = {isa = PBXFileReference; includeInIndex = 1; lastKnownFileType = text.xcconfig; name = "Pods-MovieBrowser.release.xcconfig"; path = "Target Support Files/Pods-MovieBrowser/Pods-MovieBrowser.release.xcconfig"; sourceTree = "<group>"; };
		A410C2D6F55102CF0064263E /* Pods_MovieBrowser.framework */ = {isa = PBXFileReference; explicitFileType = wrapper.framework; includeInIndex = 0; path = Pods_MovieBrowser.framework; sourceTree = BUILT_PRODUCTS_DIR; };
		DD615D0D88BDC93678C26125 /* Pods-MovieBrowserTests.debug.xcconfig */ = {isa = PBXFileReference; includeInIndex = 1; lastKnownFileType = text.xcconfig; name = "Pods-MovieBrowserTests.debug.xcconfig"; path = "Target Support Files/Pods-MovieBrowserTests/Pods-MovieBrowserTests.debug.xcconfig"; sourceTree = "<group>"; };
		FB825D7424A24CCD007FFCE3 /* MovieBrowser.app */ = {isa = PBXFileReference; explicitFileType = wrapper.application; includeInIndex = 0; path = MovieBrowser.app; sourceTree = BUILT_PRODUCTS_DIR; };
		FB825D7724A24CCD007FFCE3 /* AppDelegate.swift */ = {isa = PBXFileReference; lastKnownFileType = sourcecode.swift; path = AppDelegate.swift; sourceTree = "<group>"; };
		FB825D7924A24CCD007FFCE3 /* SceneDelegate.swift */ = {isa = PBXFileReference; lastKnownFileType = sourcecode.swift; path = SceneDelegate.swift; sourceTree = "<group>"; };
		FB825D7B24A24CCD007FFCE3 /* ViewController.swift */ = {isa = PBXFileReference; lastKnownFileType = sourcecode.swift; path = ViewController.swift; sourceTree = "<group>"; };
		FB825D7E24A24CCD007FFCE3 /* Base */ = {isa = PBXFileReference; lastKnownFileType = file.storyboard; name = Base; path = Base.lproj/Main.storyboard; sourceTree = "<group>"; };
		FB825D8024A24CDA007FFCE3 /* Assets.xcassets */ = {isa = PBXFileReference; lastKnownFileType = folder.assetcatalog; path = Assets.xcassets; sourceTree = "<group>"; };
		FB825D8324A24CDA007FFCE3 /* Base */ = {isa = PBXFileReference; lastKnownFileType = file.storyboard; name = Base; path = Base.lproj/LaunchScreen.storyboard; sourceTree = "<group>"; };
		FB825D8524A24CDA007FFCE3 /* Info.plist */ = {isa = PBXFileReference; lastKnownFileType = text.plist.xml; path = Info.plist; sourceTree = "<group>"; };
		FB825D8A24A24CDA007FFCE3 /* MovieBrowserTests.xctest */ = {isa = PBXFileReference; explicitFileType = wrapper.cfbundle; includeInIndex = 0; path = MovieBrowserTests.xctest; sourceTree = BUILT_PRODUCTS_DIR; };
		FB825D8E24A24CDA007FFCE3 /* MovieBrowserTests.swift */ = {isa = PBXFileReference; lastKnownFileType = sourcecode.swift; path = MovieBrowserTests.swift; sourceTree = "<group>"; };
		FB825D9024A24CDA007FFCE3 /* Info.plist */ = {isa = PBXFileReference; lastKnownFileType = text.plist.xml; path = Info.plist; sourceTree = "<group>"; };
		FB825D9524A24CDA007FFCE3 /* MovieBrowserUITests.xctest */ = {isa = PBXFileReference; explicitFileType = wrapper.cfbundle; includeInIndex = 0; path = MovieBrowserUITests.xctest; sourceTree = BUILT_PRODUCTS_DIR; };
		FB825D9924A24CDA007FFCE3 /* MovieBrowserUITests.swift */ = {isa = PBXFileReference; lastKnownFileType = sourcecode.swift; path = MovieBrowserUITests.swift; sourceTree = "<group>"; };
		FB825D9B24A24CDA007FFCE3 /* Info.plist */ = {isa = PBXFileReference; lastKnownFileType = text.plist.xml; path = Info.plist; sourceTree = "<group>"; };
		FB825DAB24A25848007FFCE3 /* SearchResults.swift */ = {isa = PBXFileReference; lastKnownFileType = sourcecode.swift; path = SearchResults.swift; sourceTree = "<group>"; };
		FC1571263DD5B548B0C56018 /* Pods-MovieBrowserTests.release.xcconfig */ = {isa = PBXFileReference; includeInIndex = 1; lastKnownFileType = text.xcconfig; name = "Pods-MovieBrowserTests.release.xcconfig"; path = "Target Support Files/Pods-MovieBrowserTests/Pods-MovieBrowserTests.release.xcconfig"; sourceTree = "<group>"; };
/* End PBXFileReference section */

/* Begin PBXFrameworksBuildPhase section */
		FB825D7124A24CCD007FFCE3 /* Frameworks */ = {
			isa = PBXFrameworksBuildPhase;
			buildActionMask = 2147483647;
			files = (
				E4163E667E6DB98D21CFCB82 /* Pods_MovieBrowser.framework in Frameworks */,
			);
			runOnlyForDeploymentPostprocessing = 0;
		};
		FB825D8724A24CDA007FFCE3 /* Frameworks */ = {
			isa = PBXFrameworksBuildPhase;
			buildActionMask = 2147483647;
			files = (
				2A3EC8A8B975A405D90E8626 /* Pods_MovieBrowserTests.framework in Frameworks */,
			);
			runOnlyForDeploymentPostprocessing = 0;
		};
		FB825D9224A24CDA007FFCE3 /* Frameworks */ = {
			isa = PBXFrameworksBuildPhase;
			buildActionMask = 2147483647;
			files = (
				5BB28F6687F18B9FB51520F9 /* Pods_MovieBrowser_MovieBrowserUITests.framework in Frameworks */,
			);
			runOnlyForDeploymentPostprocessing = 0;
		};
/* End PBXFrameworksBuildPhase section */

/* Begin PBXGroup section */
		725B13F124A7626100B11051 /* Services */ = {
			isa = PBXGroup;
			children = (
				725B13F424A7F35C00B11051 /* MovieDBService.swift */,
			);
			path = Services;
			sourceTree = "<group>";
		};
		725B13F824A8050F00B11051 /* Utils */ = {
			isa = PBXGroup;
			children = (
				725B13F924A8052700B11051 /* enums.swift */,
				725B13FB24A8053200B11051 /* constants.swift */,
			);
			path = Utils;
			sourceTree = "<group>";
		};
		D93D78C8C0D96B96AC5FE01A /* Frameworks */ = {
			isa = PBXGroup;
			children = (
				A410C2D6F55102CF0064263E /* Pods_MovieBrowser.framework */,
				4D850979BB69DC6400E00F43 /* Pods_MovieBrowser_MovieBrowserUITests.framework */,
				1CD6BA6194E78794EB22EAD4 /* Pods_MovieBrowserTests.framework */,
			);
			name = Frameworks;
			sourceTree = "<group>";
		};
		EB337B35B4310883B8755154 /* Pods */ = {
			isa = PBXGroup;
			children = (
				71C30DAA37D6FD3F2187755D /* Pods-MovieBrowser.debug.xcconfig */,
				7DACB2755D863428ED0D908F /* Pods-MovieBrowser.release.xcconfig */,
				5A291B7777FF6A0D4B75DD35 /* Pods-MovieBrowser-MovieBrowserUITests.debug.xcconfig */,
				2A874AA69A51EF5F5E11DF55 /* Pods-MovieBrowser-MovieBrowserUITests.release.xcconfig */,
				DD615D0D88BDC93678C26125 /* Pods-MovieBrowserTests.debug.xcconfig */,
				FC1571263DD5B548B0C56018 /* Pods-MovieBrowserTests.release.xcconfig */,
			);
			path = Pods;
			sourceTree = "<group>";
		};
		FB825D6B24A24CCD007FFCE3 = {
			isa = PBXGroup;
			children = (
				FB825D7624A24CCD007FFCE3 /* MovieBrowser */,
				FB825D8D24A24CDA007FFCE3 /* MovieBrowserTests */,
				FB825D9824A24CDA007FFCE3 /* MovieBrowserUITests */,
				FB825D7524A24CCD007FFCE3 /* Products */,
				EB337B35B4310883B8755154 /* Pods */,
				D93D78C8C0D96B96AC5FE01A /* Frameworks */,
			);
			sourceTree = "<group>";
		};
		FB825D7524A24CCD007FFCE3 /* Products */ = {
			isa = PBXGroup;
			children = (
				FB825D7424A24CCD007FFCE3 /* MovieBrowser.app */,
				FB825D8A24A24CDA007FFCE3 /* MovieBrowserTests.xctest */,
				FB825D9524A24CDA007FFCE3 /* MovieBrowserUITests.xctest */,
			);
			name = Products;
			sourceTree = "<group>";
		};
		FB825D7624A24CCD007FFCE3 /* MovieBrowser */ = {
			isa = PBXGroup;
			children = (
				725B13F824A8050F00B11051 /* Utils */,
				725B13F124A7626100B11051 /* Services */,
				FB825DB324A32C07007FFCE3 /* Scenes */,
				FB825DAA24A25688007FFCE3 /* Models */,
				FB825D7724A24CCD007FFCE3 /* AppDelegate.swift */,
				FB825D7924A24CCD007FFCE3 /* SceneDelegate.swift */,
				FB825D7B24A24CCD007FFCE3 /* ViewController.swift */,
				FB825D7D24A24CCD007FFCE3 /* Main.storyboard */,
				FB825D8024A24CDA007FFCE3 /* Assets.xcassets */,
				FB825D8224A24CDA007FFCE3 /* LaunchScreen.storyboard */,
				FB825D8524A24CDA007FFCE3 /* Info.plist */,
			);
			path = MovieBrowser;
			sourceTree = "<group>";
		};
		FB825D8D24A24CDA007FFCE3 /* MovieBrowserTests */ = {
			isa = PBXGroup;
			children = (
				FB825D8E24A24CDA007FFCE3 /* MovieBrowserTests.swift */,
				FB825D9024A24CDA007FFCE3 /* Info.plist */,
			);
			path = MovieBrowserTests;
			sourceTree = "<group>";
		};
		FB825D9824A24CDA007FFCE3 /* MovieBrowserUITests */ = {
			isa = PBXGroup;
			children = (
				FB825D9924A24CDA007FFCE3 /* MovieBrowserUITests.swift */,
				FB825D9B24A24CDA007FFCE3 /* Info.plist */,
			);
			path = MovieBrowserUITests;
			sourceTree = "<group>";
		};
		FB825DAA24A25688007FFCE3 /* Models */ = {
			isa = PBXGroup;
			children = (
				FB825DAB24A25848007FFCE3 /* SearchResults.swift */,
				72D3EABF24A40D31007F5793 /* AllResults.swift */,
				725B13FD24A8295200B11051 /* Movie.swift */,
			);
			path = Models;
			sourceTree = "<group>";
		};
		FB825DB324A32C07007FFCE3 /* Scenes */ = {
			isa = PBXGroup;
			children = (
				72E4F80424A3A572006A4CBC /* SearchResultCell.swift */,
				725B13F624A8038C00B11051 /* SearchPage.swift */,
				725B13FF24A82EB700B11051 /* MoviePage.swift */,
			);
			path = Scenes;
			sourceTree = "<group>";
		};
/* End PBXGroup section */

/* Begin PBXNativeTarget section */
		FB825D7324A24CCD007FFCE3 /* MovieBrowser */ = {
			isa = PBXNativeTarget;
			buildConfigurationList = FB825D9E24A24CDA007FFCE3 /* Build configuration list for PBXNativeTarget "MovieBrowser" */;
			buildPhases = (
				8376F9DB9F0C8DDCBAEB2A34 /* [CP] Check Pods Manifest.lock */,
				FB825D7024A24CCD007FFCE3 /* Sources */,
				FB825D7124A24CCD007FFCE3 /* Frameworks */,
				FB825D7224A24CCD007FFCE3 /* Resources */,
				32358F34823F5921525A2268 /* [CP] Embed Pods Frameworks */,
			);
			buildRules = (
			);
			dependencies = (
			);
			name = MovieBrowser;
			productName = MovieBrowser;
			productReference = FB825D7424A24CCD007FFCE3 /* MovieBrowser.app */;
			productType = "com.apple.product-type.application";
		};
		FB825D8924A24CDA007FFCE3 /* MovieBrowserTests */ = {
			isa = PBXNativeTarget;
			buildConfigurationList = FB825DA124A24CDA007FFCE3 /* Build configuration list for PBXNativeTarget "MovieBrowserTests" */;
			buildPhases = (
				98631AD534E5AF8677F9D425 /* [CP] Check Pods Manifest.lock */,
				FB825D8624A24CDA007FFCE3 /* Sources */,
				FB825D8724A24CDA007FFCE3 /* Frameworks */,
				FB825D8824A24CDA007FFCE3 /* Resources */,
			);
			buildRules = (
			);
			dependencies = (
				FB825D8C24A24CDA007FFCE3 /* PBXTargetDependency */,
			);
			name = MovieBrowserTests;
			productName = MovieBrowserTests;
			productReference = FB825D8A24A24CDA007FFCE3 /* MovieBrowserTests.xctest */;
			productType = "com.apple.product-type.bundle.unit-test";
		};
		FB825D9424A24CDA007FFCE3 /* MovieBrowserUITests */ = {
			isa = PBXNativeTarget;
			buildConfigurationList = FB825DA424A24CDA007FFCE3 /* Build configuration list for PBXNativeTarget "MovieBrowserUITests" */;
			buildPhases = (
				6FBE157C86378E49E078780A /* [CP] Check Pods Manifest.lock */,
				FB825D9124A24CDA007FFCE3 /* Sources */,
				FB825D9224A24CDA007FFCE3 /* Frameworks */,
				FB825D9324A24CDA007FFCE3 /* Resources */,
				993DC3CEEEA4C6317FE46304 /* [CP] Embed Pods Frameworks */,
			);
			buildRules = (
			);
			dependencies = (
				FB825D9724A24CDA007FFCE3 /* PBXTargetDependency */,
			);
			name = MovieBrowserUITests;
			productName = MovieBrowserUITests;
			productReference = FB825D9524A24CDA007FFCE3 /* MovieBrowserUITests.xctest */;
			productType = "com.apple.product-type.bundle.ui-testing";
		};
/* End PBXNativeTarget section */

/* Begin PBXProject section */
		FB825D6C24A24CCD007FFCE3 /* Project object */ = {
			isa = PBXProject;
			attributes = {
				LastSwiftUpdateCheck = 1150;
				LastUpgradeCheck = 1150;
				ORGANIZATIONNAME = Frontend;
				TargetAttributes = {
					FB825D7324A24CCD007FFCE3 = {
						CreatedOnToolsVersion = 11.5;
					};
					FB825D8924A24CDA007FFCE3 = {
						CreatedOnToolsVersion = 11.5;
						TestTargetID = FB825D7324A24CCD007FFCE3;
					};
					FB825D9424A24CDA007FFCE3 = {
						CreatedOnToolsVersion = 11.5;
						TestTargetID = FB825D7324A24CCD007FFCE3;
					};
				};
			};
			buildConfigurationList = FB825D6F24A24CCD007FFCE3 /* Build configuration list for PBXProject "MovieBrowser" */;
			compatibilityVersion = "Xcode 9.3";
			developmentRegion = en;
			hasScannedForEncodings = 0;
			knownRegions = (
				en,
				Base,
			);
			mainGroup = FB825D6B24A24CCD007FFCE3;
			productRefGroup = FB825D7524A24CCD007FFCE3 /* Products */;
			projectDirPath = "";
			projectRoot = "";
			targets = (
				FB825D7324A24CCD007FFCE3 /* MovieBrowser */,
				FB825D8924A24CDA007FFCE3 /* MovieBrowserTests */,
				FB825D9424A24CDA007FFCE3 /* MovieBrowserUITests */,
			);
		};
/* End PBXProject section */

/* Begin PBXResourcesBuildPhase section */
		FB825D7224A24CCD007FFCE3 /* Resources */ = {
			isa = PBXResourcesBuildPhase;
			buildActionMask = 2147483647;
			files = (
				FB825D8424A24CDA007FFCE3 /* LaunchScreen.storyboard in Resources */,
				FB825D8124A24CDA007FFCE3 /* Assets.xcassets in Resources */,
				FB825D7F24A24CCD007FFCE3 /* Main.storyboard in Resources */,
			);
			runOnlyForDeploymentPostprocessing = 0;
		};
		FB825D8824A24CDA007FFCE3 /* Resources */ = {
			isa = PBXResourcesBuildPhase;
			buildActionMask = 2147483647;
			files = (
			);
			runOnlyForDeploymentPostprocessing = 0;
		};
		FB825D9324A24CDA007FFCE3 /* Resources */ = {
			isa = PBXResourcesBuildPhase;
			buildActionMask = 2147483647;
			files = (
			);
			runOnlyForDeploymentPostprocessing = 0;
		};
/* End PBXResourcesBuildPhase section */

/* Begin PBXShellScriptBuildPhase section */
		32358F34823F5921525A2268 /* [CP] Embed Pods Frameworks */ = {
			isa = PBXShellScriptBuildPhase;
			buildActionMask = 2147483647;
			files = (
			);
			inputFileListPaths = (
				"${PODS_ROOT}/Target Support Files/Pods-MovieBrowser/Pods-MovieBrowser-frameworks-${CONFIGURATION}-input-files.xcfilelist",
			);
			name = "[CP] Embed Pods Frameworks";
			outputFileListPaths = (
				"${PODS_ROOT}/Target Support Files/Pods-MovieBrowser/Pods-MovieBrowser-frameworks-${CONFIGURATION}-output-files.xcfilelist",
			);
			runOnlyForDeploymentPostprocessing = 0;
			shellPath = /bin/sh;
			shellScript = "\"${PODS_ROOT}/Target Support Files/Pods-MovieBrowser/Pods-MovieBrowser-frameworks.sh\"\n";
			showEnvVarsInLog = 0;
		};
		6FBE157C86378E49E078780A /* [CP] Check Pods Manifest.lock */ = {
			isa = PBXShellScriptBuildPhase;
			buildActionMask = 2147483647;
			files = (
			);
			inputFileListPaths = (
			);
			inputPaths = (
				"${PODS_PODFILE_DIR_PATH}/Podfile.lock",
				"${PODS_ROOT}/Manifest.lock",
			);
			name = "[CP] Check Pods Manifest.lock";
			outputFileListPaths = (
			);
			outputPaths = (
				"$(DERIVED_FILE_DIR)/Pods-MovieBrowser-MovieBrowserUITests-checkManifestLockResult.txt",
			);
			runOnlyForDeploymentPostprocessing = 0;
			shellPath = /bin/sh;
			shellScript = "diff \"${PODS_PODFILE_DIR_PATH}/Podfile.lock\" \"${PODS_ROOT}/Manifest.lock\" > /dev/null\nif [ $? != 0 ] ; then\n    # print error to STDERR\n    echo \"error: The sandbox is not in sync with the Podfile.lock. Run 'pod install' or update your CocoaPods installation.\" >&2\n    exit 1\nfi\n# This output is used by Xcode 'outputs' to avoid re-running this script phase.\necho \"SUCCESS\" > \"${SCRIPT_OUTPUT_FILE_0}\"\n";
			showEnvVarsInLog = 0;
		};
		8376F9DB9F0C8DDCBAEB2A34 /* [CP] Check Pods Manifest.lock */ = {
			isa = PBXShellScriptBuildPhase;
			buildActionMask = 2147483647;
			files = (
			);
			inputFileListPaths = (
			);
			inputPaths = (
				"${PODS_PODFILE_DIR_PATH}/Podfile.lock",
				"${PODS_ROOT}/Manifest.lock",
			);
			name = "[CP] Check Pods Manifest.lock";
			outputFileListPaths = (
			);
			outputPaths = (
				"$(DERIVED_FILE_DIR)/Pods-MovieBrowser-checkManifestLockResult.txt",
			);
			runOnlyForDeploymentPostprocessing = 0;
			shellPath = /bin/sh;
			shellScript = "diff \"${PODS_PODFILE_DIR_PATH}/Podfile.lock\" \"${PODS_ROOT}/Manifest.lock\" > /dev/null\nif [ $? != 0 ] ; then\n    # print error to STDERR\n    echo \"error: The sandbox is not in sync with the Podfile.lock. Run 'pod install' or update your CocoaPods installation.\" >&2\n    exit 1\nfi\n# This output is used by Xcode 'outputs' to avoid re-running this script phase.\necho \"SUCCESS\" > \"${SCRIPT_OUTPUT_FILE_0}\"\n";
			showEnvVarsInLog = 0;
		};
		98631AD534E5AF8677F9D425 /* [CP] Check Pods Manifest.lock */ = {
			isa = PBXShellScriptBuildPhase;
			buildActionMask = 2147483647;
			files = (
			);
			inputFileListPaths = (
			);
			inputPaths = (
				"${PODS_PODFILE_DIR_PATH}/Podfile.lock",
				"${PODS_ROOT}/Manifest.lock",
			);
			name = "[CP] Check Pods Manifest.lock";
			outputFileListPaths = (
			);
			outputPaths = (
				"$(DERIVED_FILE_DIR)/Pods-MovieBrowserTests-checkManifestLockResult.txt",
			);
			runOnlyForDeploymentPostprocessing = 0;
			shellPath = /bin/sh;
			shellScript = "diff \"${PODS_PODFILE_DIR_PATH}/Podfile.lock\" \"${PODS_ROOT}/Manifest.lock\" > /dev/null\nif [ $? != 0 ] ; then\n    # print error to STDERR\n    echo \"error: The sandbox is not in sync with the Podfile.lock. Run 'pod install' or update your CocoaPods installation.\" >&2\n    exit 1\nfi\n# This output is used by Xcode 'outputs' to avoid re-running this script phase.\necho \"SUCCESS\" > \"${SCRIPT_OUTPUT_FILE_0}\"\n";
			showEnvVarsInLog = 0;
		};
		993DC3CEEEA4C6317FE46304 /* [CP] Embed Pods Frameworks */ = {
			isa = PBXShellScriptBuildPhase;
			buildActionMask = 2147483647;
			files = (
			);
			inputFileListPaths = (
				"${PODS_ROOT}/Target Support Files/Pods-MovieBrowser-MovieBrowserUITests/Pods-MovieBrowser-MovieBrowserUITests-frameworks-${CONFIGURATION}-input-files.xcfilelist",
			);
			name = "[CP] Embed Pods Frameworks";
			outputFileListPaths = (
				"${PODS_ROOT}/Target Support Files/Pods-MovieBrowser-MovieBrowserUITests/Pods-MovieBrowser-MovieBrowserUITests-frameworks-${CONFIGURATION}-output-files.xcfilelist",
			);
			runOnlyForDeploymentPostprocessing = 0;
			shellPath = /bin/sh;
			shellScript = "\"${PODS_ROOT}/Target Support Files/Pods-MovieBrowser-MovieBrowserUITests/Pods-MovieBrowser-MovieBrowserUITests-frameworks.sh\"\n";
			showEnvVarsInLog = 0;
		};
/* End PBXShellScriptBuildPhase section */

/* Begin PBXSourcesBuildPhase section */
		FB825D7024A24CCD007FFCE3 /* Sources */ = {
			isa = PBXSourcesBuildPhase;
			buildActionMask = 2147483647;
			files = (
				72D3EAC024A40D31007F5793 /* AllResults.swift in Sources */,
				725B13FC24A8053200B11051 /* constants.swift in Sources */,
				FB825D7C24A24CCD007FFCE3 /* ViewController.swift in Sources */,
				725B13FA24A8052700B11051 /* enums.swift in Sources */,
				725B140024A82EB700B11051 /* MoviePage.swift in Sources */,
				72E4F80524A3A572006A4CBC /* SearchResultCell.swift in Sources */,
				FB825DAC24A25848007FFCE3 /* SearchResults.swift in Sources */,
				FB825D7824A24CCD007FFCE3 /* AppDelegate.swift in Sources */,
				725B13F724A8038C00B11051 /* SearchPage.swift in Sources */,
				725B13F524A7F35C00B11051 /* MovieDBService.swift in Sources */,
				FB825D7A24A24CCD007FFCE3 /* SceneDelegate.swift in Sources */,
				725B13FE24A8295200B11051 /* Movie.swift in Sources */,
			);
			runOnlyForDeploymentPostprocessing = 0;
		};
		FB825D8624A24CDA007FFCE3 /* Sources */ = {
			isa = PBXSourcesBuildPhase;
			buildActionMask = 2147483647;
			files = (
				FB825D8F24A24CDA007FFCE3 /* MovieBrowserTests.swift in Sources */,
			);
			runOnlyForDeploymentPostprocessing = 0;
		};
		FB825D9124A24CDA007FFCE3 /* Sources */ = {
			isa = PBXSourcesBuildPhase;
			buildActionMask = 2147483647;
			files = (
				FB825D9A24A24CDA007FFCE3 /* MovieBrowserUITests.swift in Sources */,
			);
			runOnlyForDeploymentPostprocessing = 0;
		};
/* End PBXSourcesBuildPhase section */

/* Begin PBXTargetDependency section */
		FB825D8C24A24CDA007FFCE3 /* PBXTargetDependency */ = {
			isa = PBXTargetDependency;
			target = FB825D7324A24CCD007FFCE3 /* MovieBrowser */;
			targetProxy = FB825D8B24A24CDA007FFCE3 /* PBXContainerItemProxy */;
		};
		FB825D9724A24CDA007FFCE3 /* PBXTargetDependency */ = {
			isa = PBXTargetDependency;
			target = FB825D7324A24CCD007FFCE3 /* MovieBrowser */;
			targetProxy = FB825D9624A24CDA007FFCE3 /* PBXContainerItemProxy */;
		};
/* End PBXTargetDependency section */

/* Begin PBXVariantGroup section */
		FB825D7D24A24CCD007FFCE3 /* Main.storyboard */ = {
			isa = PBXVariantGroup;
			children = (
				FB825D7E24A24CCD007FFCE3 /* Base */,
			);
			name = Main.storyboard;
			sourceTree = "<group>";
		};
		FB825D8224A24CDA007FFCE3 /* LaunchScreen.storyboard */ = {
			isa = PBXVariantGroup;
			children = (
				FB825D8324A24CDA007FFCE3 /* Base */,
			);
			name = LaunchScreen.storyboard;
			sourceTree = "<group>";
		};
/* End PBXVariantGroup section */

/* Begin XCBuildConfiguration section */
		FB825D9C24A24CDA007FFCE3 /* Debug */ = {
			isa = XCBuildConfiguration;
			buildSettings = {
				ALWAYS_SEARCH_USER_PATHS = NO;
				CLANG_ANALYZER_NONNULL = YES;
				CLANG_ANALYZER_NUMBER_OBJECT_CONVERSION = YES_AGGRESSIVE;
				CLANG_CXX_LANGUAGE_STANDARD = "gnu++14";
				CLANG_CXX_LIBRARY = "libc++";
				CLANG_ENABLE_MODULES = YES;
				CLANG_ENABLE_OBJC_ARC = YES;
				CLANG_ENABLE_OBJC_WEAK = YES;
				CLANG_WARN_BLOCK_CAPTURE_AUTORELEASING = YES;
				CLANG_WARN_BOOL_CONVERSION = YES;
				CLANG_WARN_COMMA = YES;
				CLANG_WARN_CONSTANT_CONVERSION = YES;
				CLANG_WARN_DEPRECATED_OBJC_IMPLEMENTATIONS = YES;
				CLANG_WARN_DIRECT_OBJC_ISA_USAGE = YES_ERROR;
				CLANG_WARN_DOCUMENTATION_COMMENTS = YES;
				CLANG_WARN_EMPTY_BODY = YES;
				CLANG_WARN_ENUM_CONVERSION = YES;
				CLANG_WARN_INFINITE_RECURSION = YES;
				CLANG_WARN_INT_CONVERSION = YES;
				CLANG_WARN_NON_LITERAL_NULL_CONVERSION = YES;
				CLANG_WARN_OBJC_IMPLICIT_RETAIN_SELF = YES;
				CLANG_WARN_OBJC_LITERAL_CONVERSION = YES;
				CLANG_WARN_OBJC_ROOT_CLASS = YES_ERROR;
				CLANG_WARN_RANGE_LOOP_ANALYSIS = YES;
				CLANG_WARN_STRICT_PROTOTYPES = YES;
				CLANG_WARN_SUSPICIOUS_MOVE = YES;
				CLANG_WARN_UNGUARDED_AVAILABILITY = YES_AGGRESSIVE;
				CLANG_WARN_UNREACHABLE_CODE = YES;
				CLANG_WARN__DUPLICATE_METHOD_MATCH = YES;
				COPY_PHASE_STRIP = NO;
				DEBUG_INFORMATION_FORMAT = dwarf;
				ENABLE_STRICT_OBJC_MSGSEND = YES;
				ENABLE_TESTABILITY = YES;
				GCC_C_LANGUAGE_STANDARD = gnu11;
				GCC_DYNAMIC_NO_PIC = NO;
				GCC_NO_COMMON_BLOCKS = YES;
				GCC_OPTIMIZATION_LEVEL = 0;
				GCC_PREPROCESSOR_DEFINITIONS = (
					"DEBUG=1",
					"$(inherited)",
				);
				GCC_WARN_64_TO_32_BIT_CONVERSION = YES;
				GCC_WARN_ABOUT_RETURN_TYPE = YES_ERROR;
				GCC_WARN_UNDECLARED_SELECTOR = YES;
				GCC_WARN_UNINITIALIZED_AUTOS = YES_AGGRESSIVE;
				GCC_WARN_UNUSED_FUNCTION = YES;
				GCC_WARN_UNUSED_VARIABLE = YES;
				IPHONEOS_DEPLOYMENT_TARGET = 13.5;
				MTL_ENABLE_DEBUG_INFO = INCLUDE_SOURCE;
				MTL_FAST_MATH = YES;
				ONLY_ACTIVE_ARCH = YES;
				SDKROOT = iphoneos;
				SWIFT_ACTIVE_COMPILATION_CONDITIONS = DEBUG;
				SWIFT_OPTIMIZATION_LEVEL = "-Onone";
			};
			name = Debug;
		};
		FB825D9D24A24CDA007FFCE3 /* Release */ = {
			isa = XCBuildConfiguration;
			buildSettings = {
				ALWAYS_SEARCH_USER_PATHS = NO;
				CLANG_ANALYZER_NONNULL = YES;
				CLANG_ANALYZER_NUMBER_OBJECT_CONVERSION = YES_AGGRESSIVE;
				CLANG_CXX_LANGUAGE_STANDARD = "gnu++14";
				CLANG_CXX_LIBRARY = "libc++";
				CLANG_ENABLE_MODULES = YES;
				CLANG_ENABLE_OBJC_ARC = YES;
				CLANG_ENABLE_OBJC_WEAK = YES;
				CLANG_WARN_BLOCK_CAPTURE_AUTORELEASING = YES;
				CLANG_WARN_BOOL_CONVERSION = YES;
				CLANG_WARN_COMMA = YES;
				CLANG_WARN_CONSTANT_CONVERSION = YES;
				CLANG_WARN_DEPRECATED_OBJC_IMPLEMENTATIONS = YES;
				CLANG_WARN_DIRECT_OBJC_ISA_USAGE = YES_ERROR;
				CLANG_WARN_DOCUMENTATION_COMMENTS = YES;
				CLANG_WARN_EMPTY_BODY = YES;
				CLANG_WARN_ENUM_CONVERSION = YES;
				CLANG_WARN_INFINITE_RECURSION = YES;
				CLANG_WARN_INT_CONVERSION = YES;
				CLANG_WARN_NON_LITERAL_NULL_CONVERSION = YES;
				CLANG_WARN_OBJC_IMPLICIT_RETAIN_SELF = YES;
				CLANG_WARN_OBJC_LITERAL_CONVERSION = YES;
				CLANG_WARN_OBJC_ROOT_CLASS = YES_ERROR;
				CLANG_WARN_RANGE_LOOP_ANALYSIS = YES;
				CLANG_WARN_STRICT_PROTOTYPES = YES;
				CLANG_WARN_SUSPICIOUS_MOVE = YES;
				CLANG_WARN_UNGUARDED_AVAILABILITY = YES_AGGRESSIVE;
				CLANG_WARN_UNREACHABLE_CODE = YES;
				CLANG_WARN__DUPLICATE_METHOD_MATCH = YES;
				COPY_PHASE_STRIP = NO;
				DEBUG_INFORMATION_FORMAT = "dwarf-with-dsym";
				ENABLE_NS_ASSERTIONS = NO;
				ENABLE_STRICT_OBJC_MSGSEND = YES;
				GCC_C_LANGUAGE_STANDARD = gnu11;
				GCC_NO_COMMON_BLOCKS = YES;
				GCC_WARN_64_TO_32_BIT_CONVERSION = YES;
				GCC_WARN_ABOUT_RETURN_TYPE = YES_ERROR;
				GCC_WARN_UNDECLARED_SELECTOR = YES;
				GCC_WARN_UNINITIALIZED_AUTOS = YES_AGGRESSIVE;
				GCC_WARN_UNUSED_FUNCTION = YES;
				GCC_WARN_UNUSED_VARIABLE = YES;
				IPHONEOS_DEPLOYMENT_TARGET = 13.5;
				MTL_ENABLE_DEBUG_INFO = NO;
				MTL_FAST_MATH = YES;
				SDKROOT = iphoneos;
				SWIFT_COMPILATION_MODE = wholemodule;
				SWIFT_OPTIMIZATION_LEVEL = "-O";
				VALIDATE_PRODUCT = YES;
			};
			name = Release;
		};
		FB825D9F24A24CDA007FFCE3 /* Debug */ = {
			isa = XCBuildConfiguration;
			baseConfigurationReference = 71C30DAA37D6FD3F2187755D /* Pods-MovieBrowser.debug.xcconfig */;
			buildSettings = {
				ASSETCATALOG_COMPILER_APPICON_NAME = AppIcon;
				CODE_SIGN_STYLE = Automatic;
				INFOPLIST_FILE = MovieBrowser/Info.plist;
				LD_RUNPATH_SEARCH_PATHS = (
					"$(inherited)",
					"@executable_path/Frameworks",
				);
				PRODUCT_BUNDLE_IDENTIFIER = D11.MovieBrowser;
				PRODUCT_NAME = "$(TARGET_NAME)";
				SWIFT_VERSION = 5.0;
				TARGETED_DEVICE_FAMILY = "1,2";
			};
			name = Debug;
		};
		FB825DA024A24CDA007FFCE3 /* Release */ = {
			isa = XCBuildConfiguration;
			baseConfigurationReference = 7DACB2755D863428ED0D908F /* Pods-MovieBrowser.release.xcconfig */;
			buildSettings = {
				ASSETCATALOG_COMPILER_APPICON_NAME = AppIcon;
				CODE_SIGN_STYLE = Automatic;
				INFOPLIST_FILE = MovieBrowser/Info.plist;
				LD_RUNPATH_SEARCH_PATHS = (
					"$(inherited)",
					"@executable_path/Frameworks",
				);
				PRODUCT_BUNDLE_IDENTIFIER = D11.MovieBrowser;
				PRODUCT_NAME = "$(TARGET_NAME)";
				SWIFT_VERSION = 5.0;
				TARGETED_DEVICE_FAMILY = "1,2";
			};
			name = Release;
		};
		FB825DA224A24CDA007FFCE3 /* Debug */ = {
			isa = XCBuildConfiguration;
			baseConfigurationReference = DD615D0D88BDC93678C26125 /* Pods-MovieBrowserTests.debug.xcconfig */;
			buildSettings = {
				ALWAYS_EMBED_SWIFT_STANDARD_LIBRARIES = YES;
				BUNDLE_LOADER = "$(TEST_HOST)";
				CODE_SIGN_STYLE = Automatic;
				INFOPLIST_FILE = MovieBrowserTests/Info.plist;
				IPHONEOS_DEPLOYMENT_TARGET = 13.5;
				LD_RUNPATH_SEARCH_PATHS = (
					"$(inherited)",
					"@executable_path/Frameworks",
					"@loader_path/Frameworks",
				);
				PRODUCT_BUNDLE_IDENTIFIER = D11.MovieBrowserTests;
				PRODUCT_NAME = "$(TARGET_NAME)";
				SWIFT_VERSION = 5.0;
				TARGETED_DEVICE_FAMILY = "1,2";
				TEST_HOST = "$(BUILT_PRODUCTS_DIR)/MovieBrowser.app/MovieBrowser";
			};
			name = Debug;
		};
		FB825DA324A24CDA007FFCE3 /* Release */ = {
			isa = XCBuildConfiguration;
			baseConfigurationReference = FC1571263DD5B548B0C56018 /* Pods-MovieBrowserTests.release.xcconfig */;
			buildSettings = {
				ALWAYS_EMBED_SWIFT_STANDARD_LIBRARIES = YES;
				BUNDLE_LOADER = "$(TEST_HOST)";
				CODE_SIGN_STYLE = Automatic;
				INFOPLIST_FILE = MovieBrowserTests/Info.plist;
				IPHONEOS_DEPLOYMENT_TARGET = 13.5;
				LD_RUNPATH_SEARCH_PATHS = (
					"$(inherited)",
					"@executable_path/Frameworks",
					"@loader_path/Frameworks",
				);
				PRODUCT_BUNDLE_IDENTIFIER = D11.MovieBrowserTests;
				PRODUCT_NAME = "$(TARGET_NAME)";
				SWIFT_VERSION = 5.0;
				TARGETED_DEVICE_FAMILY = "1,2";
				TEST_HOST = "$(BUILT_PRODUCTS_DIR)/MovieBrowser.app/MovieBrowser";
			};
			name = Release;
		};
		FB825DA524A24CDA007FFCE3 /* Debug */ = {
			isa = XCBuildConfiguration;
			baseConfigurationReference = 5A291B7777FF6A0D4B75DD35 /* Pods-MovieBrowser-MovieBrowserUITests.debug.xcconfig */;
			buildSettings = {
				ALWAYS_EMBED_SWIFT_STANDARD_LIBRARIES = YES;
				CODE_SIGN_STYLE = Automatic;
				INFOPLIST_FILE = MovieBrowserUITests/Info.plist;
				LD_RUNPATH_SEARCH_PATHS = (
					"$(inherited)",
					"@executable_path/Frameworks",
					"@loader_path/Frameworks",
				);
				PRODUCT_BUNDLE_IDENTIFIER = D11.MovieBrowserUITests;
				PRODUCT_NAME = "$(TARGET_NAME)";
				SWIFT_VERSION = 5.0;
				TARGETED_DEVICE_FAMILY = "1,2";
				TEST_TARGET_NAME = MovieBrowser;
			};
			name = Debug;
		};
		FB825DA624A24CDA007FFCE3 /* Release */ = {
			isa = XCBuildConfiguration;
			baseConfigurationReference = 2A874AA69A51EF5F5E11DF55 /* Pods-MovieBrowser-MovieBrowserUITests.release.xcconfig */;
			buildSettings = {
				ALWAYS_EMBED_SWIFT_STANDARD_LIBRARIES = YES;
				CODE_SIGN_STYLE = Automatic;
				INFOPLIST_FILE = MovieBrowserUITests/Info.plist;
				LD_RUNPATH_SEARCH_PATHS = (
					"$(inherited)",
					"@executable_path/Frameworks",
					"@loader_path/Frameworks",
				);
				PRODUCT_BUNDLE_IDENTIFIER = D11.MovieBrowserUITests;
				PRODUCT_NAME = "$(TARGET_NAME)";
				SWIFT_VERSION = 5.0;
				TARGETED_DEVICE_FAMILY = "1,2";
				TEST_TARGET_NAME = MovieBrowser;
			};
			name = Release;
		};
/* End XCBuildConfiguration section */

/* Begin XCConfigurationList section */
		FB825D6F24A24CCD007FFCE3 /* Build configuration list for PBXProject "MovieBrowser" */ = {
			isa = XCConfigurationList;
			buildConfigurations = (
				FB825D9C24A24CDA007FFCE3 /* Debug */,
				FB825D9D24A24CDA007FFCE3 /* Release */,
			);
			defaultConfigurationIsVisible = 0;
			defaultConfigurationName = Release;
		};
		FB825D9E24A24CDA007FFCE3 /* Build configuration list for PBXNativeTarget "MovieBrowser" */ = {
			isa = XCConfigurationList;
			buildConfigurations = (
				FB825D9F24A24CDA007FFCE3 /* Debug */,
				FB825DA024A24CDA007FFCE3 /* Release */,
			);
			defaultConfigurationIsVisible = 0;
			defaultConfigurationName = Release;
		};
		FB825DA124A24CDA007FFCE3 /* Build configuration list for PBXNativeTarget "MovieBrowserTests" */ = {
			isa = XCConfigurationList;
			buildConfigurations = (
				FB825DA224A24CDA007FFCE3 /* Debug */,
				FB825DA324A24CDA007FFCE3 /* Release */,
			);
			defaultConfigurationIsVisible = 0;
			defaultConfigurationName = Release;
		};
		FB825DA424A24CDA007FFCE3 /* Build configuration list for PBXNativeTarget "MovieBrowserUITests" */ = {
			isa = XCConfigurationList;
			buildConfigurations = (
				FB825DA524A24CDA007FFCE3 /* Debug */,
				FB825DA624A24CDA007FFCE3 /* Release */,
			);
			defaultConfigurationIsVisible = 0;
			defaultConfigurationName = Release;
		};
/* End XCConfigurationList section */
	};
	rootObject = FB825D6C24A24CCD007FFCE3 /* Project object */;
}
