// !$*UTF8*$!
{
	archiveVersion = 1;
	classes = {
	};
	objectVersion = 50;
	objects = {

/* Begin PBXBuildFile section */
		FB825D7824A24CCD007FFCE3 /* AppDelegate.swift in Sources */ = {isa = PBXBuildFile; fileRef = FB825D7724A24CCD007FFCE3 /* AppDelegate.swift */; };
		FB825D7A24A24CCD007FFCE3 /* SceneDelegate.swift in Sources */ = {isa = PBXBuildFile; fileRef = FB825D7924A24CCD007FFCE3 /* SceneDelegate.swift */; };
		FB825D7C24A24CCD007FFCE3 /* ViewController.swift in Sources */ = {isa = PBXBuildFile; fileRef = FB825D7B24A24CCD007FFCE3 /* ViewController.swift */; };
		FB825D7F24A24CCD007FFCE3 /* Main.storyboard in Resources */ = {isa = PBXBuildFile; fileRef = FB825D7D24A24CCD007FFCE3 /* Main.storyboard */; };
		FB825D8124A24CDA007FFCE3 /* Assets.xcassets in Resources */ = {isa = PBXBuildFile; fileRef = FB825D8024A24CDA007FFCE3 /* Assets.xcassets */; };
		FB825D8424A24CDA007FFCE3 /* LaunchScreen.storyboard in Resources */ = {isa = PBXBuildFile; fileRef = FB825D8224A24CDA007FFCE3 /* LaunchScreen.storyboard */; };
		FB825D8F24A24CDA007FFCE3 /* MovieBrowserTests.swift in Sources */ = {isa = PBXBuildFile; fileRef = FB825D8E24A24CDA007FFCE3 /* MovieBrowserTests.swift */; };
		FB825D9A24A24CDA007FFCE3 /* MovieBrowserUITests.swift in Sources */ = {isa = PBXBuildFile; fileRef = FB825D9924A24CDA007FFCE3 /* MovieBrowserUITests.swift */; };
/* End PBXBuildFile section */

/* Begin PBXContainerItemProxy section */
		FB825D8B24A24CDA007FFCE3 /* PBXContainerItemProxy */ = {
			isa = PBXContainerItemProxy;
			containerPortal = FB825D6C24A24CCD007FFCE3 /* Project object */;
			proxyType = 1;
			remoteGlobalIDString = FB825D7324A24CCD007FFCE3;
			remoteInfo = MovieBrowser;
		};
		FB825D9624A24CDA007FFCE3 /* PBXContainerItemProxy */ = {
			isa = PBXContainerItemProxy;
			containerPortal = FB825D6C24A24CCD007FFCE3 /* Project object */;
			proxyType = 1;
			remoteGlobalIDString = FB825D7324A24CCD007FFCE3;
			remoteInfo = MovieBrowser;
		};
/* End PBXContainerItemProxy section */

/* Begin PBXFileReference section */
		FB825D7424A24CCD007FFCE3 /* MovieBrowser.app */ = {isa = PBXFileReference; explicitFileType = wrapper.application; includeInIndex = 0; path = MovieBrowser.app; sourceTree = BUILT_PRODUCTS_DIR; };
		FB825D7724A24CCD007FFCE3 /* AppDelegate.swift */ = {isa = PBXFileReference; lastKnownFileType = sourcecode.swift; path = AppDelegate.swift; sourceTree = "<group>"; };
		FB825D7924A24CCD007FFCE3 /* SceneDelegate.swift */ = {isa = PBXFileReference; lastKnownFileType = sourcecode.swift; path = SceneDelegate.swift; sourceTree = "<group>"; };
		FB825D7B24A24CCD007FFCE3 /* ViewController.swift */ = {isa = PBXFileReference; lastKnownFileType = sourcecode.swift; path = ViewController.swift; sourceTree = "<group>"; };
		FB825D7E24A24CCD007FFCE3 /* Base */ = {isa = PBXFileReference; lastKnownFileType = file.storyboard; name = Base; path = Base.lproj/Main.storyboard; sourceTree = "<group>"; };
		FB825D8024A24CDA007FFCE3 /* Assets.xcassets */ = {isa = PBXFileReference; lastKnownFileType = folder.assetcatalog; path = Assets.xcassets; sourceTree = "<group>"; };
		FB825D8324A24CDA007FFCE3 /* Base */ = {isa = PBXFileReference; lastKnownFileType = file.storyboard; name = Base; path = Base.lproj/LaunchScreen.storyboard; sourceTree = "<group>"; };
		FB825D8524A24CDA007FFCE3 /* Info.plist */ = {isa = PBXFileReference; lastKnownFileType = text.plist.xml; path = Info.plist; sourceTree = "<group>"; };
		FB825D8A24A24CDA007FFCE3 /* MovieBrowserTests.xctest */ = {isa = PBXFileReference; explicitFileType = wrapper.cfbundle; includeInIndex = 0; path = MovieBrowserTests.xctest; sourceTree = BUILT_PRODUCTS_DIR; };
		FB825D8E24A24CDA007FFCE3 /* MovieBrowserTests.swift */ = {isa = PBXFileReference; lastKnownFileType = sourcecode.swift; path = MovieBrowserTests.swift; sourceTree = "<group>"; };
		FB825D9024A24CDA007FFCE3 /* Info.plist */ = {isa = PBXFileReference; lastKnownFileType = text.plist.xml; path = Info.plist; sourceTree = "<group>"; };
		FB825D9524A24CDA007FFCE3 /* MovieBrowserUITests.xctest */ = {isa = PBXFileReference; explicitFileType = wrapper.cfbundle; includeInIndex = 0; path = MovieBrowserUITests.xctest; sourceTree = BUILT_PRODUCTS_DIR; };
		FB825D9924A24CDA007FFCE3 /* MovieBrowserUITests.swift */ = {isa = PBXFileReference; lastKnownFileType = sourcecode.swift; path = MovieBrowserUITests.swift; sourceTree = "<group>"; };
		FB825D9B24A24CDA007FFCE3 /* Info.plist */ = {isa = PBXFileReference; lastKnownFileType = text.plist.xml; path = Info.plist; sourceTree = "<group>"; };
/* End PBXFileReference section */

/* Begin PBXFrameworksBuildPhase section */
		FB825D7124A24CCD007FFCE3 /* Frameworks */ = {
			isa = PBXFrameworksBuildPhase;
			buildActionMask = 2147483647;
			files = (
			);
			runOnlyForDeploymentPostprocessing = 0;
		};
		FB825D8724A24CDA007FFCE3 /* Frameworks */ = {
			isa = PBXFrameworksBuildPhase;
			buildActionMask = 2147483647;
			files = (
			);
			runOnlyForDeploymentPostprocessing = 0;
		};
		FB825D9224A24CDA007FFCE3 /* Frameworks */ = {
			isa = PBXFrameworksBuildPhase;
			buildActionMask = 2147483647;
			files = (
			);
			runOnlyForDeploymentPostprocessing = 0;
		};
/* End PBXFrameworksBuildPhase section */

/* Begin PBXGroup section */
		FB825D6B24A24CCD007FFCE3 = {
			isa = PBXGroup;
			children = (
				FB825D7624A24CCD007FFCE3 /* MovieBrowser */,
				FB825D8D24A24CDA007FFCE3 /* MovieBrowserTests */,
				FB825D9824A24CDA007FFCE3 /* MovieBrowserUITests */,
				FB825D7524A24CCD007FFCE3 /* Products */,
			);
			sourceTree = "<group>";
		};
		FB825D7524A24CCD007FFCE3 /* Products */ = {
			isa = PBXGroup;
			children = (
				FB825D7424A24CCD007FFCE3 /* MovieBrowser.app */,
				FB825D8A24A24CDA007FFCE3 /* MovieBrowserTests.xctest */,
				FB825D9524A24CDA007FFCE3 /* MovieBrowserUITests.xctest */,
			);
			name = Products;
			sourceTree = "<group>";
		};
		FB825D7624A24CCD007FFCE3 /* MovieBrowser */ = {
			isa = PBXGroup;
			children = (
				FB825D7724A24CCD007FFCE3 /* AppDelegate.swift */,
				FB825D7924A24CCD007FFCE3 /* SceneDelegate.swift */,
				FB825D7B24A24CCD007FFCE3 /* ViewController.swift */,
				FB825D7D24A24CCD007FFCE3 /* Main.storyboard */,
				FB825D8024A24CDA007FFCE3 /* Assets.xcassets */,
				FB825D8224A24CDA007FFCE3 /* LaunchScreen.storyboard */,
				FB825D8524A24CDA007FFCE3 /* Info.plist */,
			);
			path = MovieBrowser;
			sourceTree = "<group>";
		};
		FB825D8D24A24CDA007FFCE3 /* MovieBrowserTests */ = {
			isa = PBXGroup;
			children = (
				FB825D8E24A24CDA007FFCE3 /* MovieBrowserTests.swift */,
				FB825D9024A24CDA007FFCE3 /* Info.plist */,
			);
			path = MovieBrowserTests;
			sourceTree = "<group>";
		};
		FB825D9824A24CDA007FFCE3 /* MovieBrowserUITests */ = {
			isa = PBXGroup;
			children = (
				FB825D9924A24CDA007FFCE3 /* MovieBrowserUITests.swift */,
				FB825D9B24A24CDA007FFCE3 /* Info.plist */,
			);
			path = MovieBrowserUITests;
			sourceTree = "<group>";
		};
/* End PBXGroup section */

/* Begin PBXNativeTarget section */
		FB825D7324A24CCD007FFCE3 /* MovieBrowser */ = {
			isa = PBXNativeTarget;
			buildConfigurationList = FB825D9E24A24CDA007FFCE3 /* Build configuration list for PBXNativeTarget "MovieBrowser" */;
			buildPhases = (
				FB825D7024A24CCD007FFCE3 /* Sources */,
				FB825D7124A24CCD007FFCE3 /* Frameworks */,
				FB825D7224A24CCD007FFCE3 /* Resources */,
			);
			buildRules = (
			);
			dependencies = (
			);
			name = MovieBrowser;
			productName = MovieBrowser;
			productReference = FB825D7424A24CCD007FFCE3 /* MovieBrowser.app */;
			productType = "com.apple.product-type.application";
		};
		FB825D8924A24CDA007FFCE3 /* MovieBrowserTests */ = {
			isa = PBXNativeTarget;
			buildConfigurationList = FB825DA124A24CDA007FFCE3 /* Build configuration list for PBXNativeTarget "MovieBrowserTests" */;
			buildPhases = (
				FB825D8624A24CDA007FFCE3 /* Sources */,
				FB825D8724A24CDA007FFCE3 /* Frameworks */,
				FB825D8824A24CDA007FFCE3 /* Resources */,
			);
			buildRules = (
			);
			dependencies = (
				FB825D8C24A24CDA007FFCE3 /* PBXTargetDependency */,
			);
			name = MovieBrowserTests;
			productName = MovieBrowserTests;
			productReference = FB825D8A24A24CDA007FFCE3 /* MovieBrowserTests.xctest */;
			productType = "com.apple.product-type.bundle.unit-test";
		};
		FB825D9424A24CDA007FFCE3 /* MovieBrowserUITests */ = {
			isa = PBXNativeTarget;
			buildConfigurationList = FB825DA424A24CDA007FFCE3 /* Build configuration list for PBXNativeTarget "MovieBrowserUITests" */;
			buildPhases = (
				FB825D9124A24CDA007FFCE3 /* Sources */,
				FB825D9224A24CDA007FFCE3 /* Frameworks */,
				FB825D9324A24CDA007FFCE3 /* Resources */,
			);
			buildRules = (
			);
			dependencies = (
				FB825D9724A24CDA007FFCE3 /* PBXTargetDependency */,
			);
			name = MovieBrowserUITests;
			productName = MovieBrowserUITests;
			productReference = FB825D9524A24CDA007FFCE3 /* MovieBrowserUITests.xctest */;
			productType = "com.apple.product-type.bundle.ui-testing";
		};
/* End PBXNativeTarget section */

/* Begin PBXProject section */
		FB825D6C24A24CCD007FFCE3 /* Project object */ = {
			isa = PBXProject;
			attributes = {
				LastSwiftUpdateCheck = 1150;
				LastUpgradeCheck = 1150;
				ORGANIZATIONNAME = Frontend;
				TargetAttributes = {
					FB825D7324A24CCD007FFCE3 = {
						CreatedOnToolsVersion = 11.5;
					};
					FB825D8924A24CDA007FFCE3 = {
						CreatedOnToolsVersion = 11.5;
						TestTargetID = FB825D7324A24CCD007FFCE3;
					};
					FB825D9424A24CDA007FFCE3 = {
						CreatedOnToolsVersion = 11.5;
						TestTargetID = FB825D7324A24CCD007FFCE3;
					};
				};
			};
			buildConfigurationList = FB825D6F24A24CCD007FFCE3 /* Build configuration list for PBXProject "MovieBrowser" */;
			compatibilityVersion = "Xcode 9.3";
			developmentRegion = en;
			hasScannedForEncodings = 0;
			knownRegions = (
				en,
				Base,
			);
			mainGroup = FB825D6B24A24CCD007FFCE3;
			productRefGroup = FB825D7524A24CCD007FFCE3 /* Products */;
			projectDirPath = "";
			projectRoot = "";
			targets = (
				FB825D7324A24CCD007FFCE3 /* MovieBrowser */,
				FB825D8924A24CDA007FFCE3 /* MovieBrowserTests */,
				FB825D9424A24CDA007FFCE3 /* MovieBrowserUITests */,
			);
		};
/* End PBXProject section */

/* Begin PBXResourcesBuildPhase section */
		FB825D7224A24CCD007FFCE3 /* Resources */ = {
			isa = PBXResourcesBuildPhase;
			buildActionMask = 2147483647;
			files = (
				FB825D8424A24CDA007FFCE3 /* LaunchScreen.storyboard in Resources */,
				FB825D8124A24CDA007FFCE3 /* Assets.xcassets in Resources */,
				FB825D7F24A24CCD007FFCE3 /* Main.storyboard in Resources */,
			);
			runOnlyForDeploymentPostprocessing = 0;
		};
		FB825D8824A24CDA007FFCE3 /* Resources */ = {
			isa = PBXResourcesBuildPhase;
			buildActionMask = 2147483647;
			files = (
			);
			runOnlyForDeploymentPostprocessing = 0;
		};
		FB825D9324A24CDA007FFCE3 /* Resources */ = {
			isa = PBXResourcesBuildPhase;
			buildActionMask = 2147483647;
			files = (
			);
			runOnlyForDeploymentPostprocessing = 0;
		};
/* End PBXResourcesBuildPhase section */

/* Begin PBXSourcesBuildPhase section */
		FB825D7024A24CCD007FFCE3 /* Sources */ = {
			isa = PBXSourcesBuildPhase;
			buildActionMask = 2147483647;
			files = (
				FB825D7C24A24CCD007FFCE3 /* ViewController.swift in Sources */,
				FB825D7824A24CCD007FFCE3 /* AppDelegate.swift in Sources */,
				FB825D7A24A24CCD007FFCE3 /* SceneDelegate.swift in Sources */,
			);
			runOnlyForDeploymentPostprocessing = 0;
		};
		FB825D8624A24CDA007FFCE3 /* Sources */ = {
			isa = PBXSourcesBuildPhase;
			buildActionMask = 2147483647;
			files = (
				FB825D8F24A24CDA007FFCE3 /* MovieBrowserTests.swift in Sources */,
			);
			runOnlyForDeploymentPostprocessing = 0;
		};
		FB825D9124A24CDA007FFCE3 /* Sources */ = {
			isa = PBXSourcesBuildPhase;
			buildActionMask = 2147483647;
			files = (
				FB825D9A24A24CDA007FFCE3 /* MovieBrowserUITests.swift in Sources */,
			);
			runOnlyForDeploymentPostprocessing = 0;
		};
/* End PBXSourcesBuildPhase section */

/* Begin PBXTargetDependency section */
		FB825D8C24A24CDA007FFCE3 /* PBXTargetDependency */ = {
			isa = PBXTargetDependency;
			target = FB825D7324A24CCD007FFCE3 /* MovieBrowser */;
			targetProxy = FB825D8B24A24CDA007FFCE3 /* PBXContainerItemProxy */;
		};
		FB825D9724A24CDA007FFCE3 /* PBXTargetDependency */ = {
			isa = PBXTargetDependency;
			target = FB825D7324A24CCD007FFCE3 /* MovieBrowser */;
			targetProxy = FB825D9624A24CDA007FFCE3 /* PBXContainerItemProxy */;
		};
/* End PBXTargetDependency section */

/* Begin PBXVariantGroup section */
		FB825D7D24A24CCD007FFCE3 /* Main.storyboard */ = {
			isa = PBXVariantGroup;
			children = (
				FB825D7E24A24CCD007FFCE3 /* Base */,
			);
			name = Main.storyboard;
			sourceTree = "<group>";
		};
		FB825D8224A24CDA007FFCE3 /* LaunchScreen.storyboard */ = {
			isa = PBXVariantGroup;
			children = (
				FB825D8324A24CDA007FFCE3 /* Base */,
			);
			name = LaunchScreen.storyboard;
			sourceTree = "<group>";
		};
/* End PBXVariantGroup section */

/* Begin XCBuildConfiguration section */
		FB825D9C24A24CDA007FFCE3 /* Debug */ = {
			isa = XCBuildConfiguration;
			buildSettings = {
				ALWAYS_SEARCH_USER_PATHS = NO;
				CLANG_ANALYZER_NONNULL = YES;
				CLANG_ANALYZER_NUMBER_OBJECT_CONVERSION = YES_AGGRESSIVE;
				CLANG_CXX_LANGUAGE_STANDARD = "gnu++14";
				CLANG_CXX_LIBRARY = "libc++";
				CLANG_ENABLE_MODULES = YES;
				CLANG_ENABLE_OBJC_ARC = YES;
				CLANG_ENABLE_OBJC_WEAK = YES;
				CLANG_WARN_BLOCK_CAPTURE_AUTORELEASING = YES;
				CLANG_WARN_BOOL_CONVERSION = YES;
				CLANG_WARN_COMMA = YES;
				CLANG_WARN_CONSTANT_CONVERSION = YES;
				CLANG_WARN_DEPRECATED_OBJC_IMPLEMENTATIONS = YES;
				CLANG_WARN_DIRECT_OBJC_ISA_USAGE = YES_ERROR;
				CLANG_WARN_DOCUMENTATION_COMMENTS = YES;
				CLANG_WARN_EMPTY_BODY = YES;
				CLANG_WARN_ENUM_CONVERSION = YES;
				CLANG_WARN_INFINITE_RECURSION = YES;
				CLANG_WARN_INT_CONVERSION = YES;
				CLANG_WARN_NON_LITERAL_NULL_CONVERSION = YES;
				CLANG_WARN_OBJC_IMPLICIT_RETAIN_SELF = YES;
				CLANG_WARN_OBJC_LITERAL_CONVERSION = YES;
				CLANG_WARN_OBJC_ROOT_CLASS = YES_ERROR;
				CLANG_WARN_RANGE_LOOP_ANALYSIS = YES;
				CLANG_WARN_STRICT_PROTOTYPES = YES;
				CLANG_WARN_SUSPICIOUS_MOVE = YES;
				CLANG_WARN_UNGUARDED_AVAILABILITY = YES_AGGRESSIVE;
				CLANG_WARN_UNREACHABLE_CODE = YES;
				CLANG_WARN__DUPLICATE_METHOD_MATCH = YES;
				COPY_PHASE_STRIP = NO;
				DEBUG_INFORMATION_FORMAT = dwarf;
				ENABLE_STRICT_OBJC_MSGSEND = YES;
				ENABLE_TESTABILITY = YES;
				GCC_C_LANGUAGE_STANDARD = gnu11;
				GCC_DYNAMIC_NO_PIC = NO;
				GCC_NO_COMMON_BLOCKS = YES;
				GCC_OPTIMIZATION_LEVEL = 0;
				GCC_PREPROCESSOR_DEFINITIONS = (
					"DEBUG=1",
					"$(inherited)",
				);
				GCC_WARN_64_TO_32_BIT_CONVERSION = YES;
				GCC_WARN_ABOUT_RETURN_TYPE = YES_ERROR;
				GCC_WARN_UNDECLARED_SELECTOR = YES;
				GCC_WARN_UNINITIALIZED_AUTOS = YES_AGGRESSIVE;
				GCC_WARN_UNUSED_FUNCTION = YES;
				GCC_WARN_UNUSED_VARIABLE = YES;
				IPHONEOS_DEPLOYMENT_TARGET = 13.5;
				MTL_ENABLE_DEBUG_INFO = INCLUDE_SOURCE;
				MTL_FAST_MATH = YES;
				ONLY_ACTIVE_ARCH = YES;
				SDKROOT = iphoneos;
				SWIFT_ACTIVE_COMPILATION_CONDITIONS = DEBUG;
				SWIFT_OPTIMIZATION_LEVEL = "-Onone";
			};
			name = Debug;
		};
		FB825D9D24A24CDA007FFCE3 /* Release */ = {
			isa = XCBuildConfiguration;
			buildSettings = {
				ALWAYS_SEARCH_USER_PATHS = NO;
				CLANG_ANALYZER_NONNULL = YES;
				CLANG_ANALYZER_NUMBER_OBJECT_CONVERSION = YES_AGGRESSIVE;
				CLANG_CXX_LANGUAGE_STANDARD = "gnu++14";
				CLANG_CXX_LIBRARY = "libc++";
				CLANG_ENABLE_MODULES = YES;
				CLANG_ENABLE_OBJC_ARC = YES;
				CLANG_ENABLE_OBJC_WEAK = YES;
				CLANG_WARN_BLOCK_CAPTURE_AUTORELEASING = YES;
				CLANG_WARN_BOOL_CONVERSION = YES;
				CLANG_WARN_COMMA = YES;
				CLANG_WARN_CONSTANT_CONVERSION = YES;
				CLANG_WARN_DEPRECATED_OBJC_IMPLEMENTATIONS = YES;
				CLANG_WARN_DIRECT_OBJC_ISA_USAGE = YES_ERROR;
				CLANG_WARN_DOCUMENTATION_COMMENTS = YES;
				CLANG_WARN_EMPTY_BODY = YES;
				CLANG_WARN_ENUM_CONVERSION = YES;
				CLANG_WARN_INFINITE_RECURSION = YES;
				CLANG_WARN_INT_CONVERSION = YES;
				CLANG_WARN_NON_LITERAL_NULL_CONVERSION = YES;
				CLANG_WARN_OBJC_IMPLICIT_RETAIN_SELF = YES;
				CLANG_WARN_OBJC_LITERAL_CONVERSION = YES;
				CLANG_WARN_OBJC_ROOT_CLASS = YES_ERROR;
				CLANG_WARN_RANGE_LOOP_ANALYSIS = YES;
				CLANG_WARN_STRICT_PROTOTYPES = YES;
				CLANG_WARN_SUSPICIOUS_MOVE = YES;
				CLANG_WARN_UNGUARDED_AVAILABILITY = YES_AGGRESSIVE;
				CLANG_WARN_UNREACHABLE_CODE = YES;
				CLANG_WARN__DUPLICATE_METHOD_MATCH = YES;
				COPY_PHASE_STRIP = NO;
				DEBUG_INFORMATION_FORMAT = "dwarf-with-dsym";
				ENABLE_NS_ASSERTIONS = NO;
				ENABLE_STRICT_OBJC_MSGSEND = YES;
				GCC_C_LANGUAGE_STANDARD = gnu11;
				GCC_NO_COMMON_BLOCKS = YES;
				GCC_WARN_64_TO_32_BIT_CONVERSION = YES;
				GCC_WARN_ABOUT_RETURN_TYPE = YES_ERROR;
				GCC_WARN_UNDECLARED_SELECTOR = YES;
				GCC_WARN_UNINITIALIZED_AUTOS = YES_AGGRESSIVE;
				GCC_WARN_UNUSED_FUNCTION = YES;
				GCC_WARN_UNUSED_VARIABLE = YES;
				IPHONEOS_DEPLOYMENT_TARGET = 13.5;
				MTL_ENABLE_DEBUG_INFO = NO;
				MTL_FAST_MATH = YES;
				SDKROOT = iphoneos;
				SWIFT_COMPILATION_MODE = wholemodule;
				SWIFT_OPTIMIZATION_LEVEL = "-O";
				VALIDATE_PRODUCT = YES;
			};
			name = Release;
		};
		FB825D9F24A24CDA007FFCE3 /* Debug */ = {
			isa = XCBuildConfiguration;
			buildSettings = {
				ASSETCATALOG_COMPILER_APPICON_NAME = AppIcon;
				CODE_SIGN_STYLE = Automatic;
				INFOPLIST_FILE = MovieBrowser/Info.plist;
				LD_RUNPATH_SEARCH_PATHS = (
					"$(inherited)",
					"@executable_path/Frameworks",
				);
				PRODUCT_BUNDLE_IDENTIFIER = D11.MovieBrowser;
				PRODUCT_NAME = "$(TARGET_NAME)";
				SWIFT_VERSION = 5.0;
				TARGETED_DEVICE_FAMILY = "1,2";
			};
			name = Debug;
		};
		FB825DA024A24CDA007FFCE3 /* Release */ = {
			isa = XCBuildConfiguration;
			buildSettings = {
				ASSETCATALOG_COMPILER_APPICON_NAME = AppIcon;
				CODE_SIGN_STYLE = Automatic;
				INFOPLIST_FILE = MovieBrowser/Info.plist;
				LD_RUNPATH_SEARCH_PATHS = (
					"$(inherited)",
					"@executable_path/Frameworks",
				);
				PRODUCT_BUNDLE_IDENTIFIER = D11.MovieBrowser;
				PRODUCT_NAME = "$(TARGET_NAME)";
				SWIFT_VERSION = 5.0;
				TARGETED_DEVICE_FAMILY = "1,2";
			};
			name = Release;
		};
		FB825DA224A24CDA007FFCE3 /* Debug */ = {
			isa = XCBuildConfiguration;
			buildSettings = {
				ALWAYS_EMBED_SWIFT_STANDARD_LIBRARIES = YES;
				BUNDLE_LOADER = "$(TEST_HOST)";
				CODE_SIGN_STYLE = Automatic;
				INFOPLIST_FILE = MovieBrowserTests/Info.plist;
				IPHONEOS_DEPLOYMENT_TARGET = 13.5;
				LD_RUNPATH_SEARCH_PATHS = (
					"$(inherited)",
					"@executable_path/Frameworks",
					"@loader_path/Frameworks",
				);
				PRODUCT_BUNDLE_IDENTIFIER = D11.MovieBrowserTests;
				PRODUCT_NAME = "$(TARGET_NAME)";
				SWIFT_VERSION = 5.0;
				TARGETED_DEVICE_FAMILY = "1,2";
				TEST_HOST = "$(BUILT_PRODUCTS_DIR)/MovieBrowser.app/MovieBrowser";
			};
			name = Debug;
		};
		FB825DA324A24CDA007FFCE3 /* Release */ = {
			isa = XCBuildConfiguration;
			buildSettings = {
				ALWAYS_EMBED_SWIFT_STANDARD_LIBRARIES = YES;
				BUNDLE_LOADER = "$(TEST_HOST)";
				CODE_SIGN_STYLE = Automatic;
				INFOPLIST_FILE = MovieBrowserTests/Info.plist;
				IPHONEOS_DEPLOYMENT_TARGET = 13.5;
				LD_RUNPATH_SEARCH_PATHS = (
					"$(inherited)",
					"@executable_path/Frameworks",
					"@loader_path/Frameworks",
				);
				PRODUCT_BUNDLE_IDENTIFIER = D11.MovieBrowserTests;
				PRODUCT_NAME = "$(TARGET_NAME)";
				SWIFT_VERSION = 5.0;
				TARGETED_DEVICE_FAMILY = "1,2";
				TEST_HOST = "$(BUILT_PRODUCTS_DIR)/MovieBrowser.app/MovieBrowser";
			};
			name = Release;
		};
		FB825DA524A24CDA007FFCE3 /* Debug */ = {
			isa = XCBuildConfiguration;
			buildSettings = {
				ALWAYS_EMBED_SWIFT_STANDARD_LIBRARIES = YES;
				CODE_SIGN_STYLE = Automatic;
				INFOPLIST_FILE = MovieBrowserUITests/Info.plist;
				LD_RUNPATH_SEARCH_PATHS = (
					"$(inherited)",
					"@executable_path/Frameworks",
					"@loader_path/Frameworks",
				);
				PRODUCT_BUNDLE_IDENTIFIER = D11.MovieBrowserUITests;
				PRODUCT_NAME = "$(TARGET_NAME)";
				SWIFT_VERSION = 5.0;
				TARGETED_DEVICE_FAMILY = "1,2";
				TEST_TARGET_NAME = MovieBrowser;
			};
			name = Debug;
		};
		FB825DA624A24CDA007FFCE3 /* Release */ = {
			isa = XCBuildConfiguration;
			buildSettings = {
				ALWAYS_EMBED_SWIFT_STANDARD_LIBRARIES = YES;
				CODE_SIGN_STYLE = Automatic;
				INFOPLIST_FILE = MovieBrowserUITests/Info.plist;
				LD_RUNPATH_SEARCH_PATHS = (
					"$(inherited)",
					"@executable_path/Frameworks",
					"@loader_path/Frameworks",
				);
				PRODUCT_BUNDLE_IDENTIFIER = D11.MovieBrowserUITests;
				PRODUCT_NAME = "$(TARGET_NAME)";
				SWIFT_VERSION = 5.0;
				TARGETED_DEVICE_FAMILY = "1,2";
				TEST_TARGET_NAME = MovieBrowser;
			};
			name = Release;
		};
/* End XCBuildConfiguration section */

/* Begin XCConfigurationList section */
		FB825D6F24A24CCD007FFCE3 /* Build configuration list for PBXProject "MovieBrowser" */ = {
			isa = XCConfigurationList;
			buildConfigurations = (
				FB825D9C24A24CDA007FFCE3 /* Debug */,
				FB825D9D24A24CDA007FFCE3 /* Release */,
			);
			defaultConfigurationIsVisible = 0;
			defaultConfigurationName = Release;
		};
		FB825D9E24A24CDA007FFCE3 /* Build configuration list for PBXNativeTarget "MovieBrowser" */ = {
			isa = XCConfigurationList;
			buildConfigurations = (
				FB825D9F24A24CDA007FFCE3 /* Debug */,
				FB825DA024A24CDA007FFCE3 /* Release */,
			);
			defaultConfigurationIsVisible = 0;
			defaultConfigurationName = Release;
		};
		FB825DA124A24CDA007FFCE3 /* Build configuration list for PBXNativeTarget "MovieBrowserTests" */ = {
			isa = XCConfigurationList;
			buildConfigurations = (
				FB825DA224A24CDA007FFCE3 /* Debug */,
				FB825DA324A24CDA007FFCE3 /* Release */,
			);
			defaultConfigurationIsVisible = 0;
			defaultConfigurationName = Release;
		};
		FB825DA424A24CDA007FFCE3 /* Build configuration list for PBXNativeTarget "MovieBrowserUITests" */ = {
			isa = XCConfigurationList;
			buildConfigurations = (
				FB825DA524A24CDA007FFCE3 /* Debug */,
				FB825DA624A24CDA007FFCE3 /* Release */,
			);
			defaultConfigurationIsVisible = 0;
			defaultConfigurationName = Release;
		};
/* End XCConfigurationList section */
	};
	rootObject = FB825D6C24A24CCD007FFCE3 /* Project object */;
}
