PODS:
  - Alamofire (5.0.0)
  - Kingfisher (5.14.0):
    - Kingfisher/Core (= 5.14.0)
  - Kingfisher/Core (5.14.0)
  - SkeletonView (1.8.7)

DEPENDENCIES:
  - Alamofire (= 5.0)
  - Kingfisher (~> 5.0)
  - SkeletonView

SPEC REPOS:
  trunk:
    - Alamofire
    - Kingfisher
    - SkeletonView

SPEC CHECKSUMS:
  Alamofire: 58ff2bfb8daaacaa233d5c36e37b10a5248f59b1
  Kingfisher: 7b64389a43139c903ec434788344c288217c792d
  SkeletonView: ba5370f41280b2f0a76918bb143c1294232bb4f4

PODFILE CHECKSUM: 24995ad4d9b1378677a3e1056b09ed2713fc8733

COCOAPODS: 1.9.3
